
Microsoft Visual Studio Solution File, Format Version 12.00
# Visual Studio Version 17
VisualStudioVersion = 17.7.34031.279
MinimumVisualStudioVersion = 10.0.40219.1
Project("{FAE04EC0-301F-11D3-BF4B-00C04F79EFBC}") = "1. Sort Even Numbers", "1. Sort Even Numbers\1. Sort Even Numbers.csproj", "{CA8C1B5B-4217-4455-9357-02BC63C5B4F3}"
EndProject
Project("{FAE04EC0-301F-11D3-BF4B-00C04F79EFBC}") = "2. Sum Numbers", "2. Sum Numbers\2. Sum Numbers.csproj", "{F0940A8A-491D-4595-8B37-5F18866B49AE}"
EndProject
Project("{FAE04EC0-301F-11D3-BF4B-00C04F79EFBC}") = "3. Count Uppercase Words", "3. Count Uppercase Words\3. Count Uppercase Words.csproj", "{8EEE0F6C-B071-45DD-8A29-390F1524884A}"
EndProject
Project("{FAE04EC0-301F-11D3-BF4B-00C04F79EFBC}") = "4. Add VAT", "4. Add VAT\4. Add VAT.csproj", "{6F4BF64E-F0B4-4957-B098-97A3D1124219}"
EndProject
Project("{FAE04EC0-301F-11D3-BF4B-00C04F79EFBC}") = "5. Filter by Age", "5. Filter by Age\5. Filter by Age.csproj", "{8C3F2F37-BBC6-4BA3-B2D3-2200C194CD80}"
EndProject
Global
	GlobalSection(SolutionConfigurationPlatforms) = preSolution
		Debug|Any CPU = Debug|Any CPU
		Release|Any CPU = Release|Any CPU
	EndGlobalSection
	GlobalSection(ProjectConfigurationPlatforms) = postSolution
		{CA8C1B5B-4217-4455-9357-02BC63C5B4F3}.Debug|Any CPU.ActiveCfg = Debug|Any CPU
		{CA8C1B5B-4217-4455-9357-02BC63C5B4F3}.Debug|Any CPU.Build.0 = Debug|Any CPU
		{CA8C1B5B-4217-4455-9357-02BC63C5B4F3}.Release|Any CPU.ActiveCfg = Release|Any CPU
		{CA8C1B5B-4217-4455-9357-02BC63C5B4F3}.Release|Any CPU.Build.0 = Release|Any CPU
		{F0940A8A-491D-4595-8B37-5F18866B49AE}.Debug|Any CPU.ActiveCfg = Debug|Any CPU
		{F0940A8A-491D-4595-8B37-5F18866B49AE}.Debug|Any CPU.Build.0 = Debug|Any CPU
		{F0940A8A-491D-4595-8B37-5F18866B49AE}.Release|Any CPU.ActiveCfg = Release|Any CPU
		{F0940A8A-491D-4595-8B37-5F18866B49AE}.Release|Any CPU.Build.0 = Release|Any CPU
		{8EEE0F6C-B071-45DD-8A29-390F1524884A}.Debug|Any CPU.ActiveCfg = Debug|Any CPU
		{8EEE0F6C-B071-45DD-8A29-390F1524884A}.Debug|Any CPU.Build.0 = Debug|Any CPU
		{8EEE0F6C-B071-45DD-8A29-390F1524884A}.Release|Any CPU.ActiveCfg = Release|Any CPU
		{8EEE0F6C-B071-45DD-8A29-390F1524884A}.Release|Any CPU.Build.0 = Release|Any CPU
		{6F4BF64E-F0B4-4957-B098-97A3D1124219}.Debug|Any CPU.ActiveCfg = Debug|Any CPU
		{6F4BF64E-F0B4-4957-B098-97A3D1124219}.Debug|Any CPU.Build.0 = Debug|Any CPU
		{6F4BF64E-F0B4-4957-B098-97A3D1124219}.Release|Any CPU.ActiveCfg = Release|Any CPU
		{6F4BF64E-F0B4-4957-B098-97A3D1124219}.Release|Any CPU.Build.0 = Release|Any CPU
		{8C3F2F37-BBC6-4BA3-B2D3-2200C194CD80}.Debug|Any CPU.ActiveCfg = Debug|Any CPU
		{8C3F2F37-BBC6-4BA3-B2D3-2200C194CD80}.Debug|Any CPU.Build.0 = Debug|Any CPU
		{8C3F2F37-BBC6-4BA3-B2D3-2200C194CD80}.Release|Any CPU.ActiveCfg = Release|Any CPU
		{8C3F2F37-BBC6-4BA3-B2D3-2200C194CD80}.Release|Any CPU.Build.0 = Release|Any CPU
	EndGlobalSection
	GlobalSection(SolutionProperties) = preSolution
		HideSolutionNode = FALSE
	EndGlobalSection
	GlobalSection(ExtensibilityGlobals) = postSolution
		SolutionGuid = {3CF08AFB-D72A-4CA3-922B-26CD8905F2D1}
	EndGlobalSection
EndGlobal
